Microsoft Visual Studio Solution File, Format Version 11.00
# Visual Studio 2008

Project("{9BF643AB-EC46-3F9B-BC3B-D31A0A05D894}") = "MineCraftTerrain", "Assembly-CSharp-firstpass.csproj", "{F08F0BD9-A635-6008-54D3-ED1E3450620F}"
EndProject
Project("{9BF643AB-EC46-3F9B-BC3B-D31A0A05D894}") = "MineCraftTerrain", "Assembly-CSharp.csproj", "{B5DF722A-348E-ADE8-8B6D-85AA253DD380}"
EndProject
Project("{9BF643AB-EC46-3F9B-BC3B-D31A0A05D894}") = "MineCraftTerrain", "Assembly-CSharp-Editor.csproj", "{D810A75E-59D1-4A7A-B7D0-9625367DAE7D}"
EndProject
Global
	GlobalSection(SolutionConfigurationPlatforms) = preSolution
		Debug|Any CPU = Debug|Any CPU
		Release|Any CPU = Release|Any CPU
	EndGlobalSection
	GlobalSection(ProjectConfigurationPlatforms) = postSolution
		{F08F0BD9-A635-6008-54D3-ED1E3450620F}.Debug|Any CPU.ActiveCfg = Debug|Any CPU
		{F08F0BD9-A635-6008-54D3-ED1E3450620F}.Debug|Any CPU.Build.0 = Debug|Any CPU
		{F08F0BD9-A635-6008-54D3-ED1E3450620F}.Release|Any CPU.ActiveCfg = Release|Any CPU
		{F08F0BD9-A635-6008-54D3-ED1E3450620F}.Release|Any CPU.Build.0 = Release|Any CPU
		{B5DF722A-348E-ADE8-8B6D-85AA253DD380}.Debug|Any CPU.ActiveCfg = Debug|Any CPU
		{B5DF722A-348E-ADE8-8B6D-85AA253DD380}.Debug|Any CPU.Build.0 = Debug|Any CPU
		{B5DF722A-348E-ADE8-8B6D-85AA253DD380}.Release|Any CPU.ActiveCfg = Release|Any CPU
		{B5DF722A-348E-ADE8-8B6D-85AA253DD380}.Release|Any CPU.Build.0 = Release|Any CPU
		{D810A75E-59D1-4A7A-B7D0-9625367DAE7D}.Debug|Any CPU.ActiveCfg = Debug|Any CPU
		{D810A75E-59D1-4A7A-B7D0-9625367DAE7D}.Debug|Any CPU.Build.0 = Debug|Any CPU
		{D810A75E-59D1-4A7A-B7D0-9625367DAE7D}.Release|Any CPU.ActiveCfg = Release|Any CPU
		{D810A75E-59D1-4A7A-B7D0-9625367DAE7D}.Release|Any CPU.Build.0 = Release|Any CPU
	EndGlobalSection
	GlobalSection(SolutionProperties) = preSolution
		HideSolutionNode = FALSE
	EndGlobalSection
																															GlobalSection(MonoDevelopProperties) = preSolution
		StartupItem = Assembly-CSharp.csproj
		Policies = $0
		$0.TextStylePolicy = $1
		$1.inheritsSet = null
		$1.scope = text/x-csharp
		$0.CSharpFormattingPolicy = $2
		$2.inheritsSet = Mono
		$2.inheritsScope = text/x-csharp
		$2.scope = text/x-csharp
		$0.TextStylePolicy = $3
		$3.FileWidth = 120
		$3.TabWidth = 4
		$3.IndentWidth = 4
		$3.EolMarker = Unix
		$3.inheritsSet = Mono
		$3.inheritsScope = text/plain
		$3.scope = text/plain
	EndGlobalSection

EndGlobal
